
Microsoft Visual Studio Solution File, Format Version 12.00
# Visual Studio 2017
Project("{FAE04EC0-301F-11D3-BF4B-00C04F79EFBC}") = "Unity.Postprocessing.Runtime", "Unity.Postprocessing.Runtime.csproj", "{49FCAFB7-7D0A-B3F6-2171-B4248A94EC21}"
EndProject
Project("{FAE04EC0-301F-11D3-BF4B-00C04F79EFBC}") = "TSA Game 2018-2019", "TSA Game 2018-2019.csproj", "{5EE226D2-EB0E-86D6-2AD5-489594800091}"
EndProject
Project("{FAE04EC0-301F-11D3-BF4B-00C04F79EFBC}") = "TSA Game 2018-2019.Editor", "TSA Game 2018-2019.Editor.csproj", "{B768A3AA-AB58-6069-62E0-2057CEF07B71}"
EndProject
Project("{FAE04EC0-301F-11D3-BF4B-00C04F79EFBC}") = "Unity.Postprocessing.Editor", "Unity.Postprocessing.Editor.csproj", "{CBEC4DCB-1B2B-E03B-0387-393C59967E8B}"
EndProject
Global
	GlobalSection(SolutionConfigurationPlatforms) = preSolution
		Debug|Any CPU = Debug|Any CPU
		Release|Any CPU = Release|Any CPU
	EndGlobalSection
	GlobalSection(ProjectConfigurationPlatforms) = postSolution
		{49FCAFB7-7D0A-B3F6-2171-B4248A94EC21}.Debug|Any CPU.ActiveCfg = Debug|Any CPU
		{49FCAFB7-7D0A-B3F6-2171-B4248A94EC21}.Debug|Any CPU.Build.0 = Debug|Any CPU
		{49FCAFB7-7D0A-B3F6-2171-B4248A94EC21}.Release|Any CPU.ActiveCfg = Release|Any CPU
		{49FCAFB7-7D0A-B3F6-2171-B4248A94EC21}.Release|Any CPU.Build.0 = Release|Any CPU
		{5EE226D2-EB0E-86D6-2AD5-489594800091}.Debug|Any CPU.ActiveCfg = Debug|Any CPU
		{5EE226D2-EB0E-86D6-2AD5-489594800091}.Debug|Any CPU.Build.0 = Debug|Any CPU
		{5EE226D2-EB0E-86D6-2AD5-489594800091}.Release|Any CPU.ActiveCfg = Release|Any CPU
		{5EE226D2-EB0E-86D6-2AD5-489594800091}.Release|Any CPU.Build.0 = Release|Any CPU
		{B768A3AA-AB58-6069-62E0-2057CEF07B71}.Debug|Any CPU.ActiveCfg = Debug|Any CPU
		{B768A3AA-AB58-6069-62E0-2057CEF07B71}.Debug|Any CPU.Build.0 = Debug|Any CPU
		{B768A3AA-AB58-6069-62E0-2057CEF07B71}.Release|Any CPU.ActiveCfg = Release|Any CPU
		{B768A3AA-AB58-6069-62E0-2057CEF07B71}.Release|Any CPU.Build.0 = Release|Any CPU
		{CBEC4DCB-1B2B-E03B-0387-393C59967E8B}.Debug|Any CPU.ActiveCfg = Debug|Any CPU
		{CBEC4DCB-1B2B-E03B-0387-393C59967E8B}.Debug|Any CPU.Build.0 = Debug|Any CPU
		{CBEC4DCB-1B2B-E03B-0387-393C59967E8B}.Release|Any CPU.ActiveCfg = Release|Any CPU
		{CBEC4DCB-1B2B-E03B-0387-393C59967E8B}.Release|Any CPU.Build.0 = Release|Any CPU
	EndGlobalSection
	GlobalSection(SolutionProperties) = preSolution
		HideSolutionNode = FALSE
	EndGlobalSection
EndGlobal
